// !$*UTF8*$!
{
	archiveVersion = 1;
	classes = {
	};
	objectVersion = 46;
	objects = {

/* Begin PBXBuildFile section */
		3F2DE5D31DDCADAB00316EC7 /* AppDelegate.swift in Sources */ = {isa = PBXBuildFile; fileRef = 3F2DE5D21DDCADAB00316EC7 /* AppDelegate.swift */; };
		3F2DE5D51DDCADAB00316EC7 /* ViewController.swift in Sources */ = {isa = PBXBuildFile; fileRef = 3F2DE5D41DDCADAB00316EC7 /* ViewController.swift */; };
		3F2DE5D81DDCADAB00316EC7 /* Main.storyboard in Resources */ = {isa = PBXBuildFile; fileRef = 3F2DE5D61DDCADAB00316EC7 /* Main.storyboard */; };
		3F2DE5DA1DDCADAB00316EC7 /* Assets.xcassets in Resources */ = {isa = PBXBuildFile; fileRef = 3F2DE5D91DDCADAB00316EC7 /* Assets.xcassets */; };
		3F2DE5DD1DDCADAB00316EC7 /* LaunchScreen.storyboard in Resources */ = {isa = PBXBuildFile; fileRef = 3F2DE5DB1DDCADAB00316EC7 /* LaunchScreen.storyboard */; };
		3F2DE5E81DDCADAB00316EC7 /* CollectionViewAppTests.swift in Sources */ = {isa = PBXBuildFile; fileRef = 3F2DE5E71DDCADAB00316EC7 /* CollectionViewAppTests.swift */; };
		3F2DE5F31DDCADAC00316EC7 /* CollectionViewAppUITests.swift in Sources */ = {isa = PBXBuildFile; fileRef = 3F2DE5F21DDCADAC00316EC7 /* CollectionViewAppUITests.swift */; };
		3F53D3381DDF564B0016C163 /* Person.swift in Sources */ = {isa = PBXBuildFile; fileRef = 3F53D3371DDF564B0016C163 /* Person.swift */; };
		3F53D33A1DDF56840016C163 /* PersonCollectionViewCell.swift in Sources */ = {isa = PBXBuildFile; fileRef = 3F53D3391DDF56840016C163 /* PersonCollectionViewCell.swift */; };
		3F8EECDA1DDE044E00EADCFC /* ToDoListClass.swift in Sources */ = {isa = PBXBuildFile; fileRef = 3F8EECD91DDE044E00EADCFC /* ToDoListClass.swift */; };
		3F8EECDC1DDE08FB00EADCFC /* detialViewController.swift in Sources */ = {isa = PBXBuildFile; fileRef = 3F8EECDB1DDE08FB00EADCFC /* detialViewController.swift */; };
/* End PBXBuildFile section */

/* Begin PBXContainerItemProxy section */
		3F2DE5E41DDCADAB00316EC7 /* PBXContainerItemProxy */ = {
			isa = PBXContainerItemProxy;
			containerPortal = 3F2DE5C71DDCADAB00316EC7 /* Project object */;
			proxyType = 1;
			remoteGlobalIDString = 3F2DE5CE1DDCADAB00316EC7;
			remoteInfo = CollectionViewApp;
		};
		3F2DE5EF1DDCADAC00316EC7 /* PBXContainerItemProxy */ = {
			isa = PBXContainerItemProxy;
			containerPortal = 3F2DE5C71DDCADAB00316EC7 /* Project object */;
			proxyType = 1;
			remoteGlobalIDString = 3F2DE5CE1DDCADAB00316EC7;
			remoteInfo = CollectionViewApp;
		};
/* End PBXContainerItemProxy section */

/* Begin PBXFileReference section */
		3F2DE5CF1DDCADAB00316EC7 /* CollectionViewApp.app */ = {isa = PBXFileReference; explicitFileType = wrapper.application; includeInIndex = 0; path = CollectionViewApp.app; sourceTree = BUILT_PRODUCTS_DIR; };
		3F2DE5D21DDCADAB00316EC7 /* AppDelegate.swift */ = {isa = PBXFileReference; lastKnownFileType = sourcecode.swift; path = AppDelegate.swift; sourceTree = "<group>"; };
		3F2DE5D41DDCADAB00316EC7 /* ViewController.swift */ = {isa = PBXFileReference; lastKnownFileType = sourcecode.swift; path = ViewController.swift; sourceTree = "<group>"; };
		3F2DE5D71DDCADAB00316EC7 /* Base */ = {isa = PBXFileReference; lastKnownFileType = file.storyboard; name = Base; path = Base.lproj/Main.storyboard; sourceTree = "<group>"; };
		3F2DE5D91DDCADAB00316EC7 /* Assets.xcassets */ = {isa = PBXFileReference; lastKnownFileType = folder.assetcatalog; path = Assets.xcassets; sourceTree = "<group>"; };
		3F2DE5DC1DDCADAB00316EC7 /* Base */ = {isa = PBXFileReference; lastKnownFileType = file.storyboard; name = Base; path = Base.lproj/LaunchScreen.storyboard; sourceTree = "<group>"; };
		3F2DE5DE1DDCADAB00316EC7 /* Info.plist */ = {isa = PBXFileReference; lastKnownFileType = text.plist.xml; path = Info.plist; sourceTree = "<group>"; };
		3F2DE5E31DDCADAB00316EC7 /* CollectionViewAppTests.xctest */ = {isa = PBXFileReference; explicitFileType = wrapper.cfbundle; includeInIndex = 0; path = CollectionViewAppTests.xctest; sourceTree = BUILT_PRODUCTS_DIR; };
		3F2DE5E71DDCADAB00316EC7 /* CollectionViewAppTests.swift */ = {isa = PBXFileReference; lastKnownFileType = sourcecode.swift; path = CollectionViewAppTests.swift; sourceTree = "<group>"; };
		3F2DE5E91DDCADAB00316EC7 /* Info.plist */ = {isa = PBXFileReference; lastKnownFileType = text.plist.xml; path = Info.plist; sourceTree = "<group>"; };
		3F2DE5EE1DDCADAC00316EC7 /* CollectionViewAppUITests.xctest */ = {isa = PBXFileReference; explicitFileType = wrapper.cfbundle; includeInIndex = 0; path = CollectionViewAppUITests.xctest; sourceTree = BUILT_PRODUCTS_DIR; };
		3F2DE5F21DDCADAC00316EC7 /* CollectionViewAppUITests.swift */ = {isa = PBXFileReference; lastKnownFileType = sourcecode.swift; path = CollectionViewAppUITests.swift; sourceTree = "<group>"; };
		3F2DE5F41DDCADAC00316EC7 /* Info.plist */ = {isa = PBXFileReference; lastKnownFileType = text.plist.xml; path = Info.plist; sourceTree = "<group>"; };
		3F53D3371DDF564B0016C163 /* Person.swift */ = {isa = PBXFileReference; fileEncoding = 4; lastKnownFileType = sourcecode.swift; path = Person.swift; sourceTree = "<group>"; };
		3F53D3391DDF56840016C163 /* PersonCollectionViewCell.swift */ = {isa = PBXFileReference; fileEncoding = 4; lastKnownFileType = sourcecode.swift; path = PersonCollectionViewCell.swift; sourceTree = "<group>"; };
		3F8EECD91DDE044E00EADCFC /* ToDoListClass.swift */ = {isa = PBXFileReference; fileEncoding = 4; lastKnownFileType = sourcecode.swift; path = ToDoListClass.swift; sourceTree = "<group>"; };
		3F8EECDB1DDE08FB00EADCFC /* detialViewController.swift */ = {isa = PBXFileReference; fileEncoding = 4; lastKnownFileType = sourcecode.swift; path = detialViewController.swift; sourceTree = "<group>"; };
/* End PBXFileReference section */

/* Begin PBXFrameworksBuildPhase section */
		3F2DE5CC1DDCADAB00316EC7 /* Frameworks */ = {
			isa = PBXFrameworksBuildPhase;
			buildActionMask = 2147483647;
			files = (
			);
			runOnlyForDeploymentPostprocessing = 0;
		};
		3F2DE5E01DDCADAB00316EC7 /* Frameworks */ = {
			isa = PBXFrameworksBuildPhase;
			buildActionMask = 2147483647;
			files = (
			);
			runOnlyForDeploymentPostprocessing = 0;
		};
		3F2DE5EB1DDCADAC00316EC7 /* Frameworks */ = {
			isa = PBXFrameworksBuildPhase;
			buildActionMask = 2147483647;
			files = (
			);
			runOnlyForDeploymentPostprocessing = 0;
		};
/* End PBXFrameworksBuildPhase section */

/* Begin PBXGroup section */
		3F2DE5C61DDCADAB00316EC7 = {
			isa = PBXGroup;
			children = (
				3F2DE5D11DDCADAB00316EC7 /* CollectionViewApp */,
				3F2DE5E61DDCADAB00316EC7 /* CollectionViewAppTests */,
				3F2DE5F11DDCADAC00316EC7 /* CollectionViewAppUITests */,
				3F2DE5D01DDCADAB00316EC7 /* Products */,
			);
			sourceTree = "<group>";
		};
		3F2DE5D01DDCADAB00316EC7 /* Products */ = {
			isa = PBXGroup;
			children = (
				3F2DE5CF1DDCADAB00316EC7 /* CollectionViewApp.app */,
				3F2DE5E31DDCADAB00316EC7 /* CollectionViewAppTests.xctest */,
				3F2DE5EE1DDCADAC00316EC7 /* CollectionViewAppUITests.xctest */,
			);
			name = Products;
			sourceTree = "<group>";
		};
		3F2DE5D11DDCADAB00316EC7 /* CollectionViewApp */ = {
			isa = PBXGroup;
			children = (
				3F2DE5D21DDCADAB00316EC7 /* AppDelegate.swift */,
				3F2DE5D41DDCADAB00316EC7 /* ViewController.swift */,
				3F8EECD91DDE044E00EADCFC /* ToDoListClass.swift */,
				3F8EECDB1DDE08FB00EADCFC /* detialViewController.swift */,
				3F53D3371DDF564B0016C163 /* Person.swift */,
				3F53D3391DDF56840016C163 /* PersonCollectionViewCell.swift */,
				3F2DE5D61DDCADAB00316EC7 /* Main.storyboard */,
				3F2DE5D91DDCADAB00316EC7 /* Assets.xcassets */,
				3F2DE5DB1DDCADAB00316EC7 /* LaunchScreen.storyboard */,
				3F2DE5DE1DDCADAB00316EC7 /* Info.plist */,
			);
			path = CollectionViewApp;
			sourceTree = "<group>";
		};
		3F2DE5E61DDCADAB00316EC7 /* CollectionViewAppTests */ = {
			isa = PBXGroup;
			children = (
				3F2DE5E71DDCADAB00316EC7 /* CollectionViewAppTests.swift */,
				3F2DE5E91DDCADAB00316EC7 /* Info.plist */,
			);
			path = CollectionViewAppTests;
			sourceTree = "<group>";
		};
		3F2DE5F11DDCADAC00316EC7 /* CollectionViewAppUITests */ = {
			isa = PBXGroup;
			children = (
				3F2DE5F21DDCADAC00316EC7 /* CollectionViewAppUITests.swift */,
				3F2DE5F41DDCADAC00316EC7 /* Info.plist */,
			);
			path = CollectionViewAppUITests;
			sourceTree = "<group>";
		};
/* End PBXGroup section */

/* Begin PBXNativeTarget section */
		3F2DE5CE1DDCADAB00316EC7 /* CollectionViewApp */ = {
			isa = PBXNativeTarget;
			buildConfigurationList = 3F2DE5F71DDCADAC00316EC7 /* Build configuration list for PBXNativeTarget "CollectionViewApp" */;
			buildPhases = (
				3F2DE5CB1DDCADAB00316EC7 /* Sources */,
				3F2DE5CC1DDCADAB00316EC7 /* Frameworks */,
				3F2DE5CD1DDCADAB00316EC7 /* Resources */,
			);
			buildRules = (
			);
			dependencies = (
			);
			name = CollectionViewApp;
			productName = CollectionViewApp;
			productReference = 3F2DE5CF1DDCADAB00316EC7 /* CollectionViewApp.app */;
			productType = "com.apple.product-type.application";
		};
		3F2DE5E21DDCADAB00316EC7 /* CollectionViewAppTests */ = {
			isa = PBXNativeTarget;
			buildConfigurationList = 3F2DE5FA1DDCADAC00316EC7 /* Build configuration list for PBXNativeTarget "CollectionViewAppTests" */;
			buildPhases = (
				3F2DE5DF1DDCADAB00316EC7 /* Sources */,
				3F2DE5E01DDCADAB00316EC7 /* Frameworks */,
				3F2DE5E11DDCADAB00316EC7 /* Resources */,
			);
			buildRules = (
			);
			dependencies = (
				3F2DE5E51DDCADAB00316EC7 /* PBXTargetDependency */,
			);
			name = CollectionViewAppTests;
			productName = CollectionViewAppTests;
			productReference = 3F2DE5E31DDCADAB00316EC7 /* CollectionViewAppTests.xctest */;
			productType = "com.apple.product-type.bundle.unit-test";
		};
		3F2DE5ED1DDCADAC00316EC7 /* CollectionViewAppUITests */ = {
			isa = PBXNativeTarget;
			buildConfigurationList = 3F2DE5FD1DDCADAC00316EC7 /* Build configuration list for PBXNativeTarget "CollectionViewAppUITests" */;
			buildPhases = (
				3F2DE5EA1DDCADAC00316EC7 /* Sources */,
				3F2DE5EB1DDCADAC00316EC7 /* Frameworks */,
				3F2DE5EC1DDCADAC00316EC7 /* Resources */,
			);
			buildRules = (
			);
			dependencies = (
				3F2DE5F01DDCADAC00316EC7 /* PBXTargetDependency */,
			);
			name = CollectionViewAppUITests;
			productName = CollectionViewAppUITests;
			productReference = 3F2DE5EE1DDCADAC00316EC7 /* CollectionViewAppUITests.xctest */;
			productType = "com.apple.product-type.bundle.ui-testing";
		};
/* End PBXNativeTarget section */

/* Begin PBXProject section */
		3F2DE5C71DDCADAB00316EC7 /* Project object */ = {
			isa = PBXProject;
			attributes = {
				LastSwiftUpdateCheck = 0810;
				LastUpgradeCheck = 0810;
				ORGANIZATIONNAME = JScharm;
				TargetAttributes = {
					3F2DE5CE1DDCADAB00316EC7 = {
						CreatedOnToolsVersion = 8.1;
						ProvisioningStyle = Automatic;
					};
					3F2DE5E21DDCADAB00316EC7 = {
						CreatedOnToolsVersion = 8.1;
						ProvisioningStyle = Automatic;
						TestTargetID = 3F2DE5CE1DDCADAB00316EC7;
					};
					3F2DE5ED1DDCADAC00316EC7 = {
						CreatedOnToolsVersion = 8.1;
						ProvisioningStyle = Automatic;
						TestTargetID = 3F2DE5CE1DDCADAB00316EC7;
					};
				};
			};
			buildConfigurationList = 3F2DE5CA1DDCADAB00316EC7 /* Build configuration list for PBXProject "CollectionViewApp" */;
			compatibilityVersion = "Xcode 3.2";
			developmentRegion = English;
			hasScannedForEncodings = 0;
			knownRegions = (
				en,
				Base,
			);
			mainGroup = 3F2DE5C61DDCADAB00316EC7;
			productRefGroup = 3F2DE5D01DDCADAB00316EC7 /* Products */;
			projectDirPath = "";
			projectRoot = "";
			targets = (
				3F2DE5CE1DDCADAB00316EC7 /* CollectionViewApp */,
				3F2DE5E21DDCADAB00316EC7 /* CollectionViewAppTests */,
				3F2DE5ED1DDCADAC00316EC7 /* CollectionViewAppUITests */,
			);
		};
/* End PBXProject section */

/* Begin PBXResourcesBuildPhase section */
		3F2DE5CD1DDCADAB00316EC7 /* Resources */ = {
			isa = PBXResourcesBuildPhase;
			buildActionMask = 2147483647;
			files = (
				3F2DE5DD1DDCADAB00316EC7 /* LaunchScreen.storyboard in Resources */,
				3F2DE5DA1DDCADAB00316EC7 /* Assets.xcassets in Resources */,
				3F2DE5D81DDCADAB00316EC7 /* Main.storyboard in Resources */,
			);
			runOnlyForDeploymentPostprocessing = 0;
		};
		3F2DE5E11DDCADAB00316EC7 /* Resources */ = {
			isa = PBXResourcesBuildPhase;
			buildActionMask = 2147483647;
			files = (
			);
			runOnlyForDeploymentPostprocessing = 0;
		};
		3F2DE5EC1DDCADAC00316EC7 /* Resources */ = {
			isa = PBXResourcesBuildPhase;
			buildActionMask = 2147483647;
			files = (
			);
			runOnlyForDeploymentPostprocessing = 0;
		};
/* End PBXResourcesBuildPhase section */

/* Begin PBXSourcesBuildPhase section */
		3F2DE5CB1DDCADAB00316EC7 /* Sources */ = {
			isa = PBXSourcesBuildPhase;
			buildActionMask = 2147483647;
			files = (
				3F53D3381DDF564B0016C163 /* Person.swift in Sources */,
				3F53D33A1DDF56840016C163 /* PersonCollectionViewCell.swift in Sources */,
				3F2DE5D51DDCADAB00316EC7 /* ViewController.swift in Sources */,
				3F8EECDA1DDE044E00EADCFC /* ToDoListClass.swift in Sources */,
				3F2DE5D31DDCADAB00316EC7 /* AppDelegate.swift in Sources */,
				3F8EECDC1DDE08FB00EADCFC /* detialViewController.swift in Sources */,
			);
			runOnlyForDeploymentPostprocessing = 0;
		};
		3F2DE5DF1DDCADAB00316EC7 /* Sources */ = {
			isa = PBXSourcesBuildPhase;
			buildActionMask = 2147483647;
			files = (
				3F2DE5E81DDCADAB00316EC7 /* CollectionViewAppTests.swift in Sources */,
			);
			runOnlyForDeploymentPostprocessing = 0;
		};
		3F2DE5EA1DDCADAC00316EC7 /* Sources */ = {
			isa = PBXSourcesBuildPhase;
			buildActionMask = 2147483647;
			files = (
				3F2DE5F31DDCADAC00316EC7 /* CollectionViewAppUITests.swift in Sources */,
			);
			runOnlyForDeploymentPostprocessing = 0;
		};
/* End PBXSourcesBuildPhase section */

/* Begin PBXTargetDependency section */
		3F2DE5E51DDCADAB00316EC7 /* PBXTargetDependency */ = {
			isa = PBXTargetDependency;
			target = 3F2DE5CE1DDCADAB00316EC7 /* CollectionViewApp */;
			targetProxy = 3F2DE5E41DDCADAB00316EC7 /* PBXContainerItemProxy */;
		};
		3F2DE5F01DDCADAC00316EC7 /* PBXTargetDependency */ = {
			isa = PBXTargetDependency;
			target = 3F2DE5CE1DDCADAB00316EC7 /* CollectionViewApp */;
			targetProxy = 3F2DE5EF1DDCADAC00316EC7 /* PBXContainerItemProxy */;
		};
/* End PBXTargetDependency section */

/* Begin PBXVariantGroup section */
		3F2DE5D61DDCADAB00316EC7 /* Main.storyboard */ = {
			isa = PBXVariantGroup;
			children = (
				3F2DE5D71DDCADAB00316EC7 /* Base */,
			);
			name = Main.storyboard;
			sourceTree = "<group>";
		};
		3F2DE5DB1DDCADAB00316EC7 /* LaunchScreen.storyboard */ = {
			isa = PBXVariantGroup;
			children = (
				3F2DE5DC1DDCADAB00316EC7 /* Base */,
			);
			name = LaunchScreen.storyboard;
			sourceTree = "<group>";
		};
/* End PBXVariantGroup section */

/* Begin XCBuildConfiguration section */
		3F2DE5F51DDCADAC00316EC7 /* Debug */ = {
			isa = XCBuildConfiguration;
			buildSettings = {
				ALWAYS_SEARCH_USER_PATHS = NO;
				CLANG_ANALYZER_NONNULL = YES;
				CLANG_CXX_LANGUAGE_STANDARD = "gnu++0x";
				CLANG_CXX_LIBRARY = "libc++";
				CLANG_ENABLE_MODULES = YES;
				CLANG_ENABLE_OBJC_ARC = YES;
				CLANG_WARN_BOOL_CONVERSION = YES;
				CLANG_WARN_CONSTANT_CONVERSION = YES;
				CLANG_WARN_DIRECT_OBJC_ISA_USAGE = YES_ERROR;
				CLANG_WARN_DOCUMENTATION_COMMENTS = YES;
				CLANG_WARN_EMPTY_BODY = YES;
				CLANG_WARN_ENUM_CONVERSION = YES;
				CLANG_WARN_INFINITE_RECURSION = YES;
				CLANG_WARN_INT_CONVERSION = YES;
				CLANG_WARN_OBJC_ROOT_CLASS = YES_ERROR;
				CLANG_WARN_SUSPICIOUS_MOVES = YES;
				CLANG_WARN_UNREACHABLE_CODE = YES;
				CLANG_WARN__DUPLICATE_METHOD_MATCH = YES;
				"CODE_SIGN_IDENTITY[sdk=iphoneos*]" = "iPhone Developer";
				COPY_PHASE_STRIP = NO;
				DEBUG_INFORMATION_FORMAT = dwarf;
				ENABLE_STRICT_OBJC_MSGSEND = YES;
				ENABLE_TESTABILITY = YES;
				GCC_C_LANGUAGE_STANDARD = gnu99;
				GCC_DYNAMIC_NO_PIC = NO;
				GCC_NO_COMMON_BLOCKS = YES;
				GCC_OPTIMIZATION_LEVEL = 0;
				GCC_PREPROCESSOR_DEFINITIONS = (
					"DEBUG=1",
					"$(inherited)",
				);
				GCC_WARN_64_TO_32_BIT_CONVERSION = YES;
				GCC_WARN_ABOUT_RETURN_TYPE = YES_ERROR;
				GCC_WARN_UNDECLARED_SELECTOR = YES;
				GCC_WARN_UNINITIALIZED_AUTOS = YES_AGGRESSIVE;
				GCC_WARN_UNUSED_FUNCTION = YES;
				GCC_WARN_UNUSED_VARIABLE = YES;
				IPHONEOS_DEPLOYMENT_TARGET = 10.1;
				MTL_ENABLE_DEBUG_INFO = YES;
				ONLY_ACTIVE_ARCH = YES;
				SDKROOT = iphoneos;
				SWIFT_ACTIVE_COMPILATION_CONDITIONS = DEBUG;
				SWIFT_OPTIMIZATION_LEVEL = "-Onone";
				TARGETED_DEVICE_FAMILY = "1,2";
			};
			name = Debug;
		};
		3F2DE5F61DDCADAC00316EC7 /* Release */ = {
			isa = XCBuildConfiguration;
			buildSettings = {
				ALWAYS_SEARCH_USER_PATHS = NO;
				CLANG_ANALYZER_NONNULL = YES;
				CLANG_CXX_LANGUAGE_STANDARD = "gnu++0x";
				CLANG_CXX_LIBRARY = "libc++";
				CLANG_ENABLE_MODULES = YES;
				CLANG_ENABLE_OBJC_ARC = YES;
				CLANG_WARN_BOOL_CONVERSION = YES;
				CLANG_WARN_CONSTANT_CONVERSION = YES;
				CLANG_WARN_DIRECT_OBJC_ISA_USAGE = YES_ERROR;
				CLANG_WARN_DOCUMENTATION_COMMENTS = YES;
				CLANG_WARN_EMPTY_BODY = YES;
				CLANG_WARN_ENUM_CONVERSION = YES;
				CLANG_WARN_INFINITE_RECURSION = YES;
				CLANG_WARN_INT_CONVERSION = YES;
				CLANG_WARN_OBJC_ROOT_CLASS = YES_ERROR;
				CLANG_WARN_SUSPICIOUS_MOVES = YES;
				CLANG_WARN_UNREACHABLE_CODE = YES;
				CLANG_WARN__DUPLICATE_METHOD_MATCH = YES;
				"CODE_SIGN_IDENTITY[sdk=iphoneos*]" = "iPhone Developer";
				COPY_PHASE_STRIP = NO;
				DEBUG_INFORMATION_FORMAT = "dwarf-with-dsym";
				ENABLE_NS_ASSERTIONS = NO;
				ENABLE_STRICT_OBJC_MSGSEND = YES;
				GCC_C_LANGUAGE_STANDARD = gnu99;
				GCC_NO_COMMON_BLOCKS = YES;
				GCC_WARN_64_TO_32_BIT_CONVERSION = YES;
				GCC_WARN_ABOUT_RETURN_TYPE = YES_ERROR;
				GCC_WARN_UNDECLARED_SELECTOR = YES;
				GCC_WARN_UNINITIALIZED_AUTOS = YES_AGGRESSIVE;
				GCC_WARN_UNUSED_FUNCTION = YES;
				GCC_WARN_UNUSED_VARIABLE = YES;
				IPHONEOS_DEPLOYMENT_TARGET = 10.1;
				MTL_ENABLE_DEBUG_INFO = NO;
				SDKROOT = iphoneos;
				SWIFT_OPTIMIZATION_LEVEL = "-Owholemodule";
				TARGETED_DEVICE_FAMILY = "1,2";
				VALIDATE_PRODUCT = YES;
			};
			name = Release;
		};
		3F2DE5F81DDCADAC00316EC7 /* Debug */ = {
			isa = XCBuildConfiguration;
			buildSettings = {
				ASSETCATALOG_COMPILER_APPICON_NAME = AppIcon;
				INFOPLIST_FILE = CollectionViewApp/Info.plist;
				LD_RUNPATH_SEARCH_PATHS = "$(inherited) @executable_path/Frameworks";
				PRODUCT_BUNDLE_IDENTIFIER = JScharm.CollectionViewApp;
				PRODUCT_NAME = "$(TARGET_NAME)";
				SWIFT_VERSION = 3.0;
			};
			name = Debug;
		};
		3F2DE5F91DDCADAC00316EC7 /* Release */ = {
			isa = XCBuildConfiguration;
			buildSettings = {
				ASSETCATALOG_COMPILER_APPICON_NAME = AppIcon;
				INFOPLIST_FILE = CollectionViewApp/Info.plist;
				LD_RUNPATH_SEARCH_PATHS = "$(inherited) @executable_path/Frameworks";
				PRODUCT_BUNDLE_IDENTIFIER = JScharm.CollectionViewApp;
				PRODUCT_NAME = "$(TARGET_NAME)";
				SWIFT_VERSION = 3.0;
			};
			name = Release;
		};
		3F2DE5FB1DDCADAC00316EC7 /* Debug */ = {
			isa = XCBuildConfiguration;
			buildSettings = {
				ALWAYS_EMBED_SWIFT_STANDARD_LIBRARIES = YES;
				BUNDLE_LOADER = "$(TEST_HOST)";
				INFOPLIST_FILE = CollectionViewAppTests/Info.plist;
				LD_RUNPATH_SEARCH_PATHS = "$(inherited) @executable_path/Frameworks @loader_path/Frameworks";
				PRODUCT_BUNDLE_IDENTIFIER = JScharm.CollectionViewAppTests;
				PRODUCT_NAME = "$(TARGET_NAME)";
				SWIFT_VERSION = 3.0;
				TEST_HOST = "$(BUILT_PRODUCTS_DIR)/CollectionViewApp.app/CollectionViewApp";
			};
			name = Debug;
		};
		3F2DE5FC1DDCADAC00316EC7 /* Release */ = {
			isa = XCBuildConfiguration;
			buildSettings = {
				ALWAYS_EMBED_SWIFT_STANDARD_LIBRARIES = YES;
				BUNDLE_LOADER = "$(TEST_HOST)";
				INFOPLIST_FILE = CollectionViewAppTests/Info.plist;
				LD_RUNPATH_SEARCH_PATHS = "$(inherited) @executable_path/Frameworks @loader_path/Frameworks";
				PRODUCT_BUNDLE_IDENTIFIER = JScharm.CollectionViewAppTests;
				PRODUCT_NAME = "$(TARGET_NAME)";
				SWIFT_VERSION = 3.0;
				TEST_HOST = "$(BUILT_PRODUCTS_DIR)/CollectionViewApp.app/CollectionViewApp";
			};
			name = Release;
		};
		3F2DE5FE1DDCADAC00316EC7 /* Debug */ = {
			isa = XCBuildConfiguration;
			buildSettings = {
				ALWAYS_EMBED_SWIFT_STANDARD_LIBRARIES = YES;
				INFOPLIST_FILE = CollectionViewAppUITests/Info.plist;
				LD_RUNPATH_SEARCH_PATHS = "$(inherited) @executable_path/Frameworks @loader_path/Frameworks";
				PRODUCT_BUNDLE_IDENTIFIER = JScharm.CollectionViewAppUITests;
				PRODUCT_NAME = "$(TARGET_NAME)";
				SWIFT_VERSION = 3.0;
				TEST_TARGET_NAME = CollectionViewApp;
			};
			name = Debug;
		};
		3F2DE5FF1DDCADAC00316EC7 /* Release */ = {
			isa = XCBuildConfiguration;
			buildSettings = {
				ALWAYS_EMBED_SWIFT_STANDARD_LIBRARIES = YES;
				INFOPLIST_FILE = CollectionViewAppUITests/Info.plist;
				LD_RUNPATH_SEARCH_PATHS = "$(inherited) @executable_path/Frameworks @loader_path/Frameworks";
				PRODUCT_BUNDLE_IDENTIFIER = JScharm.CollectionViewAppUITests;
				PRODUCT_NAME = "$(TARGET_NAME)";
				SWIFT_VERSION = 3.0;
				TEST_TARGET_NAME = CollectionViewApp;
			};
			name = Release;
		};
/* End XCBuildConfiguration section */

/* Begin XCConfigurationList section */
		3F2DE5CA1DDCADAB00316EC7 /* Build configuration list for PBXProject "CollectionViewApp" */ = {
			isa = XCConfigurationList;
			buildConfigurations = (
				3F2DE5F51DDCADAC00316EC7 /* Debug */,
				3F2DE5F61DDCADAC00316EC7 /* Release */,
			);
			defaultConfigurationIsVisible = 0;
			defaultConfigurationName = Release;
		};
		3F2DE5F71DDCADAC00316EC7 /* Build configuration list for PBXNativeTarget "CollectionViewApp" */ = {
			isa = XCConfigurationList;
			buildConfigurations = (
				3F2DE5F81DDCADAC00316EC7 /* Debug */,
				3F2DE5F91DDCADAC00316EC7 /* Release */,
			);
			defaultConfigurationIsVisible = 0;
			defaultConfigurationName = Release;
		};
		3F2DE5FA1DDCADAC00316EC7 /* Build configuration list for PBXNativeTarget "CollectionViewAppTests" */ = {
			isa = XCConfigurationList;
			buildConfigurations = (
				3F2DE5FB1DDCADAC00316EC7 /* Debug */,
				3F2DE5FC1DDCADAC00316EC7 /* Release */,
			);
			defaultConfigurationIsVisible = 0;
			defaultConfigurationName = Release;
		};
		3F2DE5FD1DDCADAC00316EC7 /* Build configuration list for PBXNativeTarget "CollectionViewAppUITests" */ = {
			isa = XCConfigurationList;
			buildConfigurations = (
				3F2DE5FE1DDCADAC00316EC7 /* Debug */,
				3F2DE5FF1DDCADAC00316EC7 /* Release */,
			);
			defaultConfigurationIsVisible = 0;
			defaultConfigurationName = Release;
		};
/* End XCConfigurationList section */
	};
	rootObject = 3F2DE5C71DDCADAB00316EC7 /* Project object */;
}
